
Microsoft Visual Studio Solution File, Format Version 12.00
# Visual Studio Version 17
VisualStudioVersion = 17.10.35004.147
MinimumVisualStudioVersion = 10.0.40219.1
Project("{FAE04EC0-301F-11D3-BF4B-00C04F79EFBC}") = "SpendSmart", "SpendSmart\SpendSmart.csproj", "{78CF0904-580A-4574-95EC-4C5163A276D8}"
EndProject
Global
	GlobalSection(SolutionConfigurationPlatforms) = preSolution
		Debug|Any CPU = Debug|Any CPU
		Release|Any CPU = Release|Any CPU
	EndGlobalSection
	GlobalSection(ProjectConfigurationPlatforms) = postSolution
		{78CF0904-580A-4574-95EC-4C5163A276D8}.Debug|Any CPU.ActiveCfg = Debug|Any CPU
		{78CF0904-580A-4574-95EC-4C5163A276D8}.Debug|Any CPU.Build.0 = Debug|Any CPU
		{78CF0904-580A-4574-95EC-4C5163A276D8}.Release|Any CPU.ActiveCfg = Release|Any CPU
		{78CF0904-580A-4574-95EC-4C5163A276D8}.Release|Any CPU.Build.0 = Release|Any CPU
	EndGlobalSection
	GlobalSection(SolutionProperties) = preSolution
		HideSolutionNode = FALSE
	EndGlobalSection
	GlobalSection(ExtensibilityGlobals) = postSolution
		SolutionGuid = {56CC0711-3378-4952-9335-C055BC7B7715}
	EndGlobalSection
EndGlobal
